// !$*UTF8*$!
{
	archiveVersion = 1;
	classes = {
	};
	objectVersion = 46;
	objects = {

/* Begin PBXBuildFile section */
		EE371DCC1CF0C08100D5C9E6 /* main.m in Sources */ = {isa = PBXBuildFile; fileRef = EE371DCB1CF0C08100D5C9E6 /* main.m */; };
		EE371DCF1CF0C08100D5C9E6 /* AppDelegate.m in Sources */ = {isa = PBXBuildFile; fileRef = EE371DCE1CF0C08100D5C9E6 /* AppDelegate.m */; };
		EE371DD21CF0C08100D5C9E6 /* ViewController.m in Sources */ = {isa = PBXBuildFile; fileRef = EE371DD11CF0C08100D5C9E6 /* ViewController.m */; };
		EE371DD51CF0C08100D5C9E6 /* Main.storyboard in Resources */ = {isa = PBXBuildFile; fileRef = EE371DD31CF0C08100D5C9E6 /* Main.storyboard */; };
		EE371DD71CF0C08100D5C9E6 /* Assets.xcassets in Resources */ = {isa = PBXBuildFile; fileRef = EE371DD61CF0C08100D5C9E6 /* Assets.xcassets */; };
		EE371DDA1CF0C08100D5C9E6 /* LaunchScreen.storyboard in Resources */ = {isa = PBXBuildFile; fileRef = EE371DD81CF0C08100D5C9E6 /* LaunchScreen.storyboard */; };
		EE371DE51CF0C08200D5C9E6 /* FunFactsTests.m in Sources */ = {isa = PBXBuildFile; fileRef = EE371DE41CF0C08200D5C9E6 /* FunFactsTests.m */; };
		EE371DF01CF0C08200D5C9E6 /* FunFactsUITests.m in Sources */ = {isa = PBXBuildFile; fileRef = EE371DEF1CF0C08200D5C9E6 /* FunFactsUITests.m */; };
		EE371DFF1CF3512900D5C9E6 /* factBook.m in Sources */ = {isa = PBXBuildFile; fileRef = EE371DFE1CF3512900D5C9E6 /* factBook.m */; };
		EE371E021CF37E2200D5C9E6 /* ColorWheel.m in Sources */ = {isa = PBXBuildFile; fileRef = EE371E011CF37E2200D5C9E6 /* ColorWheel.m */; };
/* End PBXBuildFile section */

/* Begin PBXContainerItemProxy section */
		EE371DE11CF0C08200D5C9E6 /* PBXContainerItemProxy */ = {
			isa = PBXContainerItemProxy;
			containerPortal = EE371DBF1CF0C08100D5C9E6 /* Project object */;
			proxyType = 1;
			remoteGlobalIDString = EE371DC61CF0C08100D5C9E6;
			remoteInfo = FunFacts;
		};
		EE371DEC1CF0C08200D5C9E6 /* PBXContainerItemProxy */ = {
			isa = PBXContainerItemProxy;
			containerPortal = EE371DBF1CF0C08100D5C9E6 /* Project object */;
			proxyType = 1;
			remoteGlobalIDString = EE371DC61CF0C08100D5C9E6;
			remoteInfo = FunFacts;
		};
/* End PBXContainerItemProxy section */

/* Begin PBXFileReference section */
		EE371DC71CF0C08100D5C9E6 /* FunFacts.app */ = {isa = PBXFileReference; explicitFileType = wrapper.application; includeInIndex = 0; path = FunFacts.app; sourceTree = BUILT_PRODUCTS_DIR; };
		EE371DCB1CF0C08100D5C9E6 /* main.m */ = {isa = PBXFileReference; lastKnownFileType = sourcecode.c.objc; path = main.m; sourceTree = "<group>"; };
		EE371DCD1CF0C08100D5C9E6 /* AppDelegate.h */ = {isa = PBXFileReference; lastKnownFileType = sourcecode.c.h; path = AppDelegate.h; sourceTree = "<group>"; };
		EE371DCE1CF0C08100D5C9E6 /* AppDelegate.m */ = {isa = PBXFileReference; lastKnownFileType = sourcecode.c.objc; path = AppDelegate.m; sourceTree = "<group>"; };
		EE371DD01CF0C08100D5C9E6 /* ViewController.h */ = {isa = PBXFileReference; lastKnownFileType = sourcecode.c.h; path = ViewController.h; sourceTree = "<group>"; };
		EE371DD11CF0C08100D5C9E6 /* ViewController.m */ = {isa = PBXFileReference; lastKnownFileType = sourcecode.c.objc; path = ViewController.m; sourceTree = "<group>"; };
		EE371DD41CF0C08100D5C9E6 /* Base */ = {isa = PBXFileReference; lastKnownFileType = file.storyboard; name = Base; path = Base.lproj/Main.storyboard; sourceTree = "<group>"; };
		EE371DD61CF0C08100D5C9E6 /* Assets.xcassets */ = {isa = PBXFileReference; lastKnownFileType = folder.assetcatalog; path = Assets.xcassets; sourceTree = "<group>"; };
		EE371DD91CF0C08100D5C9E6 /* Base */ = {isa = PBXFileReference; lastKnownFileType = file.storyboard; name = Base; path = Base.lproj/LaunchScreen.storyboard; sourceTree = "<group>"; };
		EE371DDB1CF0C08100D5C9E6 /* Info.plist */ = {isa = PBXFileReference; lastKnownFileType = text.plist.xml; path = Info.plist; sourceTree = "<group>"; };
		EE371DE01CF0C08200D5C9E6 /* FunFactsTests.xctest */ = {isa = PBXFileReference; explicitFileType = wrapper.cfbundle; includeInIndex = 0; path = FunFactsTests.xctest; sourceTree = BUILT_PRODUCTS_DIR; };
		EE371DE41CF0C08200D5C9E6 /* FunFactsTests.m */ = {isa = PBXFileReference; lastKnownFileType = sourcecode.c.objc; path = FunFactsTests.m; sourceTree = "<group>"; };
		EE371DE61CF0C08200D5C9E6 /* Info.plist */ = {isa = PBXFileReference; lastKnownFileType = text.plist.xml; path = Info.plist; sourceTree = "<group>"; };
		EE371DEB1CF0C08200D5C9E6 /* FunFactsUITests.xctest */ = {isa = PBXFileReference; explicitFileType = wrapper.cfbundle; includeInIndex = 0; path = FunFactsUITests.xctest; sourceTree = BUILT_PRODUCTS_DIR; };
		EE371DEF1CF0C08200D5C9E6 /* FunFactsUITests.m */ = {isa = PBXFileReference; lastKnownFileType = sourcecode.c.objc; path = FunFactsUITests.m; sourceTree = "<group>"; };
		EE371DF11CF0C08200D5C9E6 /* Info.plist */ = {isa = PBXFileReference; lastKnownFileType = text.plist.xml; path = Info.plist; sourceTree = "<group>"; };
		EE371DFD1CF3512900D5C9E6 /* factBook.h */ = {isa = PBXFileReference; fileEncoding = 4; lastKnownFileType = sourcecode.c.h; path = factBook.h; sourceTree = "<group>"; };
		EE371DFE1CF3512900D5C9E6 /* factBook.m */ = {isa = PBXFileReference; fileEncoding = 4; lastKnownFileType = sourcecode.c.objc; path = factBook.m; sourceTree = "<group>"; };
		EE371E001CF37E2200D5C9E6 /* ColorWheel.h */ = {isa = PBXFileReference; fileEncoding = 4; lastKnownFileType = sourcecode.c.h; path = ColorWheel.h; sourceTree = "<group>"; };
		EE371E011CF37E2200D5C9E6 /* ColorWheel.m */ = {isa = PBXFileReference; fileEncoding = 4; lastKnownFileType = sourcecode.c.objc; path = ColorWheel.m; sourceTree = "<group>"; };
/* End PBXFileReference section */

/* Begin PBXFrameworksBuildPhase section */
		EE371DC41CF0C08100D5C9E6 /* Frameworks */ = {
			isa = PBXFrameworksBuildPhase;
			buildActionMask = 2147483647;
			files = (
			);
			runOnlyForDeploymentPostprocessing = 0;
		};
		EE371DDD1CF0C08200D5C9E6 /* Frameworks */ = {
			isa = PBXFrameworksBuildPhase;
			buildActionMask = 2147483647;
			files = (
			);
			runOnlyForDeploymentPostprocessing = 0;
		};
		EE371DE81CF0C08200D5C9E6 /* Frameworks */ = {
			isa = PBXFrameworksBuildPhase;
			buildActionMask = 2147483647;
			files = (
			);
			runOnlyForDeploymentPostprocessing = 0;
		};
/* End PBXFrameworksBuildPhase section */

/* Begin PBXGroup section */
		EE371DBE1CF0C08100D5C9E6 = {
			isa = PBXGroup;
			children = (
				EE371DC91CF0C08100D5C9E6 /* FunFacts */,
				EE371DE31CF0C08200D5C9E6 /* FunFactsTests */,
				EE371DEE1CF0C08200D5C9E6 /* FunFactsUITests */,
				EE371DC81CF0C08100D5C9E6 /* Products */,
			);
			sourceTree = "<group>";
		};
		EE371DC81CF0C08100D5C9E6 /* Products */ = {
			isa = PBXGroup;
			children = (
				EE371DC71CF0C08100D5C9E6 /* FunFacts.app */,
				EE371DE01CF0C08200D5C9E6 /* FunFactsTests.xctest */,
				EE371DEB1CF0C08200D5C9E6 /* FunFactsUITests.xctest */,
			);
			name = Products;
			sourceTree = "<group>";
		};
		EE371DC91CF0C08100D5C9E6 /* FunFacts */ = {
			isa = PBXGroup;
			children = (
				EE371DCD1CF0C08100D5C9E6 /* AppDelegate.h */,
				EE371E001CF37E2200D5C9E6 /* ColorWheel.h */,
				EE371E011CF37E2200D5C9E6 /* ColorWheel.m */,
				EE371DCE1CF0C08100D5C9E6 /* AppDelegate.m */,
				EE371DD01CF0C08100D5C9E6 /* ViewController.h */,
				EE371DD11CF0C08100D5C9E6 /* ViewController.m */,
				EE371DD31CF0C08100D5C9E6 /* Main.storyboard */,
				EE371DD61CF0C08100D5C9E6 /* Assets.xcassets */,
				EE371DD81CF0C08100D5C9E6 /* LaunchScreen.storyboard */,
				EE371DDB1CF0C08100D5C9E6 /* Info.plist */,
				EE371DCA1CF0C08100D5C9E6 /* Supporting Files */,
				EE371DFD1CF3512900D5C9E6 /* factBook.h */,
				EE371DFE1CF3512900D5C9E6 /* factBook.m */,
			);
			path = FunFacts;
			sourceTree = "<group>";
		};
		EE371DCA1CF0C08100D5C9E6 /* Supporting Files */ = {
			isa = PBXGroup;
			children = (
				EE371DCB1CF0C08100D5C9E6 /* main.m */,
			);
			name = "Supporting Files";
			sourceTree = "<group>";
		};
		EE371DE31CF0C08200D5C9E6 /* FunFactsTests */ = {
			isa = PBXGroup;
			children = (
				EE371DE41CF0C08200D5C9E6 /* FunFactsTests.m */,
				EE371DE61CF0C08200D5C9E6 /* Info.plist */,
			);
			path = FunFactsTests;
			sourceTree = "<group>";
		};
		EE371DEE1CF0C08200D5C9E6 /* FunFactsUITests */ = {
			isa = PBXGroup;
			children = (
				EE371DEF1CF0C08200D5C9E6 /* FunFactsUITests.m */,
				EE371DF11CF0C08200D5C9E6 /* Info.plist */,
			);
			path = FunFactsUITests;
			sourceTree = "<group>";
		};
/* End PBXGroup section */

/* Begin PBXNativeTarget section */
		EE371DC61CF0C08100D5C9E6 /* FunFacts */ = {
			isa = PBXNativeTarget;
			buildConfigurationList = EE371DF41CF0C08200D5C9E6 /* Build configuration list for PBXNativeTarget "FunFacts" */;
			buildPhases = (
				EE371DC31CF0C08100D5C9E6 /* Sources */,
				EE371DC41CF0C08100D5C9E6 /* Frameworks */,
				EE371DC51CF0C08100D5C9E6 /* Resources */,
			);
			buildRules = (
			);
			dependencies = (
			);
			name = FunFacts;
			productName = FunFacts;
			productReference = EE371DC71CF0C08100D5C9E6 /* FunFacts.app */;
			productType = "com.apple.product-type.application";
		};
		EE371DDF1CF0C08200D5C9E6 /* FunFactsTests */ = {
			isa = PBXNativeTarget;
			buildConfigurationList = EE371DF71CF0C08200D5C9E6 /* Build configuration list for PBXNativeTarget "FunFactsTests" */;
			buildPhases = (
				EE371DDC1CF0C08200D5C9E6 /* Sources */,
				EE371DDD1CF0C08200D5C9E6 /* Frameworks */,
				EE371DDE1CF0C08200D5C9E6 /* Resources */,
			);
			buildRules = (
			);
			dependencies = (
				EE371DE21CF0C08200D5C9E6 /* PBXTargetDependency */,
			);
			name = FunFactsTests;
			productName = FunFactsTests;
			productReference = EE371DE01CF0C08200D5C9E6 /* FunFactsTests.xctest */;
			productType = "com.apple.product-type.bundle.unit-test";
		};
		EE371DEA1CF0C08200D5C9E6 /* FunFactsUITests */ = {
			isa = PBXNativeTarget;
			buildConfigurationList = EE371DFA1CF0C08200D5C9E6 /* Build configuration list for PBXNativeTarget "FunFactsUITests" */;
			buildPhases = (
				EE371DE71CF0C08200D5C9E6 /* Sources */,
				EE371DE81CF0C08200D5C9E6 /* Frameworks */,
				EE371DE91CF0C08200D5C9E6 /* Resources */,
			);
			buildRules = (
			);
			dependencies = (
				EE371DED1CF0C08200D5C9E6 /* PBXTargetDependency */,
			);
			name = FunFactsUITests;
			productName = FunFactsUITests;
			productReference = EE371DEB1CF0C08200D5C9E6 /* FunFactsUITests.xctest */;
			productType = "com.apple.product-type.bundle.ui-testing";
		};
/* End PBXNativeTarget section */

/* Begin PBXProject section */
		EE371DBF1CF0C08100D5C9E6 /* Project object */ = {
			isa = PBXProject;
			attributes = {
				LastUpgradeCheck = 0730;
				ORGANIZATIONNAME = "hannah gaskins";
				TargetAttributes = {
					EE371DC61CF0C08100D5C9E6 = {
						CreatedOnToolsVersion = 7.3.1;
					};
					EE371DDF1CF0C08200D5C9E6 = {
						CreatedOnToolsVersion = 7.3.1;
						TestTargetID = EE371DC61CF0C08100D5C9E6;
					};
					EE371DEA1CF0C08200D5C9E6 = {
						CreatedOnToolsVersion = 7.3.1;
						TestTargetID = EE371DC61CF0C08100D5C9E6;
					};
				};
			};
			buildConfigurationList = EE371DC21CF0C08100D5C9E6 /* Build configuration list for PBXProject "FunFacts" */;
			compatibilityVersion = "Xcode 3.2";
			developmentRegion = English;
			hasScannedForEncodings = 0;
			knownRegions = (
				en,
				Base,
			);
			mainGroup = EE371DBE1CF0C08100D5C9E6;
			productRefGroup = EE371DC81CF0C08100D5C9E6 /* Products */;
			projectDirPath = "";
			projectRoot = "";
			targets = (
				EE371DC61CF0C08100D5C9E6 /* FunFacts */,
				EE371DDF1CF0C08200D5C9E6 /* FunFactsTests */,
				EE371DEA1CF0C08200D5C9E6 /* FunFactsUITests */,
			);
		};
/* End PBXProject section */

/* Begin PBXResourcesBuildPhase section */
		EE371DC51CF0C08100D5C9E6 /* Resources */ = {
			isa = PBXResourcesBuildPhase;
			buildActionMask = 2147483647;
			files = (
				EE371DDA1CF0C08100D5C9E6 /* LaunchScreen.storyboard in Resources */,
				EE371DD71CF0C08100D5C9E6 /* Assets.xcassets in Resources */,
				EE371DD51CF0C08100D5C9E6 /* Main.storyboard in Resources */,
			);
			runOnlyForDeploymentPostprocessing = 0;
		};
		EE371DDE1CF0C08200D5C9E6 /* Resources */ = {
			isa = PBXResourcesBuildPhase;
			buildActionMask = 2147483647;
			files = (
			);
			runOnlyForDeploymentPostprocessing = 0;
		};
		EE371DE91CF0C08200D5C9E6 /* Resources */ = {
			isa = PBXResourcesBuildPhase;
			buildActionMask = 2147483647;
			files = (
			);
			runOnlyForDeploymentPostprocessing = 0;
		};
/* End PBXResourcesBuildPhase section */

/* Begin PBXSourcesBuildPhase section */
		EE371DC31CF0C08100D5C9E6 /* Sources */ = {
			isa = PBXSourcesBuildPhase;
			buildActionMask = 2147483647;
			files = (
				EE371DD21CF0C08100D5C9E6 /* ViewController.m in Sources */,
				EE371DCF1CF0C08100D5C9E6 /* AppDelegate.m in Sources */,
				EE371DFF1CF3512900D5C9E6 /* factBook.m in Sources */,
				EE371DCC1CF0C08100D5C9E6 /* main.m in Sources */,
				EE371E021CF37E2200D5C9E6 /* ColorWheel.m in Sources */,
			);
			runOnlyForDeploymentPostprocessing = 0;
		};
		EE371DDC1CF0C08200D5C9E6 /* Sources */ = {
			isa = PBXSourcesBuildPhase;
			buildActionMask = 2147483647;
			files = (
				EE371DE51CF0C08200D5C9E6 /* FunFactsTests.m in Sources */,
			);
			runOnlyForDeploymentPostprocessing = 0;
		};
		EE371DE71CF0C08200D5C9E6 /* Sources */ = {
			isa = PBXSourcesBuildPhase;
			buildActionMask = 2147483647;
			files = (
				EE371DF01CF0C08200D5C9E6 /* FunFactsUITests.m in Sources */,
			);
			runOnlyForDeploymentPostprocessing = 0;
		};
/* End PBXSourcesBuildPhase section */

/* Begin PBXTargetDependency section */
		EE371DE21CF0C08200D5C9E6 /* PBXTargetDependency */ = {
			isa = PBXTargetDependency;
			target = EE371DC61CF0C08100D5C9E6 /* FunFacts */;
			targetProxy = EE371DE11CF0C08200D5C9E6 /* PBXContainerItemProxy */;
		};
		EE371DED1CF0C08200D5C9E6 /* PBXTargetDependency */ = {
			isa = PBXTargetDependency;
			target = EE371DC61CF0C08100D5C9E6 /* FunFacts */;
			targetProxy = EE371DEC1CF0C08200D5C9E6 /* PBXContainerItemProxy */;
		};
/* End PBXTargetDependency section */

/* Begin PBXVariantGroup section */
		EE371DD31CF0C08100D5C9E6 /* Main.storyboard */ = {
			isa = PBXVariantGroup;
			children = (
				EE371DD41CF0C08100D5C9E6 /* Base */,
			);
			name = Main.storyboard;
			sourceTree = "<group>";
		};
		EE371DD81CF0C08100D5C9E6 /* LaunchScreen.storyboard */ = {
			isa = PBXVariantGroup;
			children = (
				EE371DD91CF0C08100D5C9E6 /* Base */,
			);
			name = LaunchScreen.storyboard;
			sourceTree = "<group>";
		};
/* End PBXVariantGroup section */

/* Begin XCBuildConfiguration section */
		EE371DF21CF0C08200D5C9E6 /* Debug */ = {
			isa = XCBuildConfiguration;
			buildSettings = {
				ALWAYS_SEARCH_USER_PATHS = NO;
				CLANG_ANALYZER_NONNULL = YES;
				CLANG_CXX_LANGUAGE_STANDARD = "gnu++0x";
				CLANG_CXX_LIBRARY = "libc++";
				CLANG_ENABLE_MODULES = YES;
				CLANG_ENABLE_OBJC_ARC = YES;
				CLANG_WARN_BOOL_CONVERSION = YES;
				CLANG_WARN_CONSTANT_CONVERSION = YES;
				CLANG_WARN_DIRECT_OBJC_ISA_USAGE = YES_ERROR;
				CLANG_WARN_EMPTY_BODY = YES;
				CLANG_WARN_ENUM_CONVERSION = YES;
				CLANG_WARN_INT_CONVERSION = YES;
				CLANG_WARN_OBJC_ROOT_CLASS = YES_ERROR;
				CLANG_WARN_UNREACHABLE_CODE = YES;
				CLANG_WARN__DUPLICATE_METHOD_MATCH = YES;
				"CODE_SIGN_IDENTITY[sdk=iphoneos*]" = "iPhone Developer";
				COPY_PHASE_STRIP = NO;
				DEBUG_INFORMATION_FORMAT = dwarf;
				ENABLE_STRICT_OBJC_MSGSEND = YES;
				ENABLE_TESTABILITY = YES;
				GCC_C_LANGUAGE_STANDARD = gnu99;
				GCC_DYNAMIC_NO_PIC = NO;
				GCC_NO_COMMON_BLOCKS = YES;
				GCC_OPTIMIZATION_LEVEL = 0;
				GCC_PREPROCESSOR_DEFINITIONS = (
					"DEBUG=1",
					"$(inherited)",
				);
				GCC_WARN_64_TO_32_BIT_CONVERSION = YES;
				GCC_WARN_ABOUT_RETURN_TYPE = YES_ERROR;
				GCC_WARN_UNDECLARED_SELECTOR = YES;
				GCC_WARN_UNINITIALIZED_AUTOS = YES_AGGRESSIVE;
				GCC_WARN_UNUSED_FUNCTION = YES;
				GCC_WARN_UNUSED_VARIABLE = YES;
				IPHONEOS_DEPLOYMENT_TARGET = 9.3;
				MTL_ENABLE_DEBUG_INFO = YES;
				ONLY_ACTIVE_ARCH = YES;
				SDKROOT = iphoneos;
			};
			name = Debug;
		};
		EE371DF31CF0C08200D5C9E6 /* Release */ = {
			isa = XCBuildConfiguration;
			buildSettings = {
				ALWAYS_SEARCH_USER_PATHS = NO;
				CLANG_ANALYZER_NONNULL = YES;
				CLANG_CXX_LANGUAGE_STANDARD = "gnu++0x";
				CLANG_CXX_LIBRARY = "libc++";
				CLANG_ENABLE_MODULES = YES;
				CLANG_ENABLE_OBJC_ARC = YES;
				CLANG_WARN_BOOL_CONVERSION = YES;
				CLANG_WARN_CONSTANT_CONVERSION = YES;
				CLANG_WARN_DIRECT_OBJC_ISA_USAGE = YES_ERROR;
				CLANG_WARN_EMPTY_BODY = YES;
				CLANG_WARN_ENUM_CONVERSION = YES;
				CLANG_WARN_INT_CONVERSION = YES;
				CLANG_WARN_OBJC_ROOT_CLASS = YES_ERROR;
				CLANG_WARN_UNREACHABLE_CODE = YES;
				CLANG_WARN__DUPLICATE_METHOD_MATCH = YES;
				"CODE_SIGN_IDENTITY[sdk=iphoneos*]" = "iPhone Developer";
				COPY_PHASE_STRIP = NO;
				DEBUG_INFORMATION_FORMAT = "dwarf-with-dsym";
				ENABLE_NS_ASSERTIONS = NO;
				ENABLE_STRICT_OBJC_MSGSEND = YES;
				GCC_C_LANGUAGE_STANDARD = gnu99;
				GCC_NO_COMMON_BLOCKS = YES;
				GCC_WARN_64_TO_32_BIT_CONVERSION = YES;
				GCC_WARN_ABOUT_RETURN_TYPE = YES_ERROR;
				GCC_WARN_UNDECLARED_SELECTOR = YES;
				GCC_WARN_UNINITIALIZED_AUTOS = YES_AGGRESSIVE;
				GCC_WARN_UNUSED_FUNCTION = YES;
				GCC_WARN_UNUSED_VARIABLE = YES;
				IPHONEOS_DEPLOYMENT_TARGET = 9.3;
				MTL_ENABLE_DEBUG_INFO = NO;
				SDKROOT = iphoneos;
				VALIDATE_PRODUCT = YES;
			};
			name = Release;
		};
		EE371DF51CF0C08200D5C9E6 /* Debug */ = {
			isa = XCBuildConfiguration;
			buildSettings = {
				ASSETCATALOG_COMPILER_APPICON_NAME = AppIcon;
				INFOPLIST_FILE = FunFacts/Info.plist;
				LD_RUNPATH_SEARCH_PATHS = "$(inherited) @executable_path/Frameworks";
				PRODUCT_BUNDLE_IDENTIFIER = com.hannahgaskins.FunFacts;
				PRODUCT_NAME = "$(TARGET_NAME)";
			};
			name = Debug;
		};
		EE371DF61CF0C08200D5C9E6 /* Release */ = {
			isa = XCBuildConfiguration;
			buildSettings = {
				ASSETCATALOG_COMPILER_APPICON_NAME = AppIcon;
				INFOPLIST_FILE = FunFacts/Info.plist;
				LD_RUNPATH_SEARCH_PATHS = "$(inherited) @executable_path/Frameworks";
				PRODUCT_BUNDLE_IDENTIFIER = com.hannahgaskins.FunFacts;
				PRODUCT_NAME = "$(TARGET_NAME)";
			};
			name = Release;
		};
		EE371DF81CF0C08200D5C9E6 /* Debug */ = {
			isa = XCBuildConfiguration;
			buildSettings = {
				BUNDLE_LOADER = "$(TEST_HOST)";
				INFOPLIST_FILE = FunFactsTests/Info.plist;
				LD_RUNPATH_SEARCH_PATHS = "$(inherited) @executable_path/Frameworks @loader_path/Frameworks";
				PRODUCT_BUNDLE_IDENTIFIER = com.hannahgaskins.FunFactsTests;
				PRODUCT_NAME = "$(TARGET_NAME)";
				TEST_HOST = "$(BUILT_PRODUCTS_DIR)/FunFacts.app/FunFacts";
			};
			name = Debug;
		};
		EE371DF91CF0C08200D5C9E6 /* Release */ = {
			isa = XCBuildConfiguration;
			buildSettings = {
				BUNDLE_LOADER = "$(TEST_HOST)";
				INFOPLIST_FILE = FunFactsTests/Info.plist;
				LD_RUNPATH_SEARCH_PATHS = "$(inherited) @executable_path/Frameworks @loader_path/Frameworks";
				PRODUCT_BUNDLE_IDENTIFIER = com.hannahgaskins.FunFactsTests;
				PRODUCT_NAME = "$(TARGET_NAME)";
				TEST_HOST = "$(BUILT_PRODUCTS_DIR)/FunFacts.app/FunFacts";
			};
			name = Release;
		};
		EE371DFB1CF0C08200D5C9E6 /* Debug */ = {
			isa = XCBuildConfiguration;
			buildSettings = {
				INFOPLIST_FILE = FunFactsUITests/Info.plist;
				LD_RUNPATH_SEARCH_PATHS = "$(inherited) @executable_path/Frameworks @loader_path/Frameworks";
				PRODUCT_BUNDLE_IDENTIFIER = com.hannahgaskins.FunFactsUITests;
				PRODUCT_NAME = "$(TARGET_NAME)";
				TEST_TARGET_NAME = FunFacts;
			};
			name = Debug;
		};
		EE371DFC1CF0C08200D5C9E6 /* Release */ = {
			isa = XCBuildConfiguration;
			buildSettings = {
				INFOPLIST_FILE = FunFactsUITests/Info.plist;
				LD_RUNPATH_SEARCH_PATHS = "$(inherited) @executable_path/Frameworks @loader_path/Frameworks";
				PRODUCT_BUNDLE_IDENTIFIER = com.hannahgaskins.FunFactsUITests;
				PRODUCT_NAME = "$(TARGET_NAME)";
				TEST_TARGET_NAME = FunFacts;
			};
			name = Release;
		};
/* End XCBuildConfiguration section */

/* Begin XCConfigurationList section */
		EE371DC21CF0C08100D5C9E6 /* Build configuration list for PBXProject "FunFacts" */ = {
			isa = XCConfigurationList;
			buildConfigurations = (
				EE371DF21CF0C08200D5C9E6 /* Debug */,
				EE371DF31CF0C08200D5C9E6 /* Release */,
			);
			defaultConfigurationIsVisible = 0;
			defaultConfigurationName = Release;
		};
		EE371DF41CF0C08200D5C9E6 /* Build configuration list for PBXNativeTarget "FunFacts" */ = {
			isa = XCConfigurationList;
			buildConfigurations = (
				EE371DF51CF0C08200D5C9E6 /* Debug */,
				EE371DF61CF0C08200D5C9E6 /* Release */,
			);
			defaultConfigurationIsVisible = 0;
		};
		EE371DF71CF0C08200D5C9E6 /* Build configuration list for PBXNativeTarget "FunFactsTests" */ = {
			isa = XCConfigurationList;
			buildConfigurations = (
				EE371DF81CF0C08200D5C9E6 /* Debug */,
				EE371DF91CF0C08200D5C9E6 /* Release */,
			);
			defaultConfigurationIsVisible = 0;
		};
		EE371DFA1CF0C08200D5C9E6 /* Build configuration list for PBXNativeTarget "FunFactsUITests" */ = {
			isa = XCConfigurationList;
			buildConfigurations = (
				EE371DFB1CF0C08200D5C9E6 /* Debug */,
				EE371DFC1CF0C08200D5C9E6 /* Release */,
			);
			defaultConfigurationIsVisible = 0;
		};
/* End XCConfigurationList section */
	};
	rootObject = EE371DBF1CF0C08100D5C9E6 /* Project object */;
}
